// !$*UTF8*$!
{
	archiveVersion = 1;
	classes = {
	};
	objectVersion = 46;
	objects = {

/* Begin PBXBuildFile section */
		817D07981E8A413D00D2AB5B /* main.m in Sources */ = {isa = PBXBuildFile; fileRef = 817D07971E8A413D00D2AB5B /* main.m */; };
		817D079B1E8A413D00D2AB5B /* AppDelegate.m in Sources */ = {isa = PBXBuildFile; fileRef = 817D079A1E8A413D00D2AB5B /* AppDelegate.m */; };
		817D079E1E8A413D00D2AB5B /* ViewController.m in Sources */ = {isa = PBXBuildFile; fileRef = 817D079D1E8A413D00D2AB5B /* ViewController.m */; };
		817D07A11E8A413D00D2AB5B /* Main.storyboard in Resources */ = {isa = PBXBuildFile; fileRef = 817D079F1E8A413D00D2AB5B /* Main.storyboard */; };
		817D07A31E8A413D00D2AB5B /* Assets.xcassets in Resources */ = {isa = PBXBuildFile; fileRef = 817D07A21E8A413D00D2AB5B /* Assets.xcassets */; };
		817D07A61E8A413D00D2AB5B /* LaunchScreen.storyboard in Resources */ = {isa = PBXBuildFile; fileRef = 817D07A41E8A413D00D2AB5B /* LaunchScreen.storyboard */; };
		817D07B11E8A413D00D2AB5B /* VersionCompareTests.m in Sources */ = {isa = PBXBuildFile; fileRef = 817D07B01E8A413D00D2AB5B /* VersionCompareTests.m */; };
		817D07BC1E8A413D00D2AB5B /* VersionCompareUITests.m in Sources */ = {isa = PBXBuildFile; fileRef = 817D07BB1E8A413D00D2AB5B /* VersionCompareUITests.m */; };
/* End PBXBuildFile section */

/* Begin PBXContainerItemProxy section */
		817D07AD1E8A413D00D2AB5B /* PBXContainerItemProxy */ = {
			isa = PBXContainerItemProxy;
			containerPortal = 817D078B1E8A413D00D2AB5B /* Project object */;
			proxyType = 1;
			remoteGlobalIDString = 817D07921E8A413D00D2AB5B;
			remoteInfo = VersionCompare;
		};
		817D07B81E8A413D00D2AB5B /* PBXContainerItemProxy */ = {
			isa = PBXContainerItemProxy;
			containerPortal = 817D078B1E8A413D00D2AB5B /* Project object */;
			proxyType = 1;
			remoteGlobalIDString = 817D07921E8A413D00D2AB5B;
			remoteInfo = VersionCompare;
		};
/* End PBXContainerItemProxy section */

/* Begin PBXFileReference section */
		817D07931E8A413D00D2AB5B /* VersionCompare.app */ = {isa = PBXFileReference; explicitFileType = wrapper.application; includeInIndex = 0; path = VersionCompare.app; sourceTree = BUILT_PRODUCTS_DIR; };
		817D07971E8A413D00D2AB5B /* main.m */ = {isa = PBXFileReference; lastKnownFileType = sourcecode.c.objc; path = main.m; sourceTree = "<group>"; };
		817D07991E8A413D00D2AB5B /* AppDelegate.h */ = {isa = PBXFileReference; lastKnownFileType = sourcecode.c.h; path = AppDelegate.h; sourceTree = "<group>"; };
		817D079A1E8A413D00D2AB5B /* AppDelegate.m */ = {isa = PBXFileReference; lastKnownFileType = sourcecode.c.objc; path = AppDelegate.m; sourceTree = "<group>"; };
		817D079C1E8A413D00D2AB5B /* ViewController.h */ = {isa = PBXFileReference; lastKnownFileType = sourcecode.c.h; path = ViewController.h; sourceTree = "<group>"; };
		817D079D1E8A413D00D2AB5B /* ViewController.m */ = {isa = PBXFileReference; lastKnownFileType = sourcecode.c.objc; path = ViewController.m; sourceTree = "<group>"; };
		817D07A01E8A413D00D2AB5B /* Base */ = {isa = PBXFileReference; lastKnownFileType = file.storyboard; name = Base; path = Base.lproj/Main.storyboard; sourceTree = "<group>"; };
		817D07A21E8A413D00D2AB5B /* Assets.xcassets */ = {isa = PBXFileReference; lastKnownFileType = folder.assetcatalog; path = Assets.xcassets; sourceTree = "<group>"; };
		817D07A51E8A413D00D2AB5B /* Base */ = {isa = PBXFileReference; lastKnownFileType = file.storyboard; name = Base; path = Base.lproj/LaunchScreen.storyboard; sourceTree = "<group>"; };
		817D07A71E8A413D00D2AB5B /* Info.plist */ = {isa = PBXFileReference; lastKnownFileType = text.plist.xml; path = Info.plist; sourceTree = "<group>"; };
		817D07AC1E8A413D00D2AB5B /* VersionCompareTests.xctest */ = {isa = PBXFileReference; explicitFileType = wrapper.cfbundle; includeInIndex = 0; path = VersionCompareTests.xctest; sourceTree = BUILT_PRODUCTS_DIR; };
		817D07B01E8A413D00D2AB5B /* VersionCompareTests.m */ = {isa = PBXFileReference; lastKnownFileType = sourcecode.c.objc; path = VersionCompareTests.m; sourceTree = "<group>"; };
		817D07B21E8A413D00D2AB5B /* Info.plist */ = {isa = PBXFileReference; lastKnownFileType = text.plist.xml; path = Info.plist; sourceTree = "<group>"; };
		817D07B71E8A413D00D2AB5B /* VersionCompareUITests.xctest */ = {isa = PBXFileReference; explicitFileType = wrapper.cfbundle; includeInIndex = 0; path = VersionCompareUITests.xctest; sourceTree = BUILT_PRODUCTS_DIR; };
		817D07BB1E8A413D00D2AB5B /* VersionCompareUITests.m */ = {isa = PBXFileReference; lastKnownFileType = sourcecode.c.objc; path = VersionCompareUITests.m; sourceTree = "<group>"; };
		817D07BD1E8A413D00D2AB5B /* Info.plist */ = {isa = PBXFileReference; lastKnownFileType = text.plist.xml; path = Info.plist; sourceTree = "<group>"; };
/* End PBXFileReference section */

/* Begin PBXFrameworksBuildPhase section */
		817D07901E8A413D00D2AB5B /* Frameworks */ = {
			isa = PBXFrameworksBuildPhase;
			buildActionMask = 2147483647;
			files = (
			);
			runOnlyForDeploymentPostprocessing = 0;
		};
		817D07A91E8A413D00D2AB5B /* Frameworks */ = {
			isa = PBXFrameworksBuildPhase;
			buildActionMask = 2147483647;
			files = (
			);
			runOnlyForDeploymentPostprocessing = 0;
		};
		817D07B41E8A413D00D2AB5B /* Frameworks */ = {
			isa = PBXFrameworksBuildPhase;
			buildActionMask = 2147483647;
			files = (
			);
			runOnlyForDeploymentPostprocessing = 0;
		};
/* End PBXFrameworksBuildPhase section */

/* Begin PBXGroup section */
		817D078A1E8A413D00D2AB5B = {
			isa = PBXGroup;
			children = (
				817D07951E8A413D00D2AB5B /* VersionCompare */,
				817D07AF1E8A413D00D2AB5B /* VersionCompareTests */,
				817D07BA1E8A413D00D2AB5B /* VersionCompareUITests */,
				817D07941E8A413D00D2AB5B /* Products */,
			);
			sourceTree = "<group>";
		};
		817D07941E8A413D00D2AB5B /* Products */ = {
			isa = PBXGroup;
			children = (
				817D07931E8A413D00D2AB5B /* VersionCompare.app */,
				817D07AC1E8A413D00D2AB5B /* VersionCompareTests.xctest */,
				817D07B71E8A413D00D2AB5B /* VersionCompareUITests.xctest */,
			);
			name = Products;
			sourceTree = "<group>";
		};
		817D07951E8A413D00D2AB5B /* VersionCompare */ = {
			isa = PBXGroup;
			children = (
				817D07991E8A413D00D2AB5B /* AppDelegate.h */,
				817D079A1E8A413D00D2AB5B /* AppDelegate.m */,
				817D079C1E8A413D00D2AB5B /* ViewController.h */,
				817D079D1E8A413D00D2AB5B /* ViewController.m */,
				817D079F1E8A413D00D2AB5B /* Main.storyboard */,
				817D07A21E8A413D00D2AB5B /* Assets.xcassets */,
				817D07A41E8A413D00D2AB5B /* LaunchScreen.storyboard */,
				817D07A71E8A413D00D2AB5B /* Info.plist */,
				817D07961E8A413D00D2AB5B /* Supporting Files */,
			);
			path = VersionCompare;
			sourceTree = "<group>";
		};
		817D07961E8A413D00D2AB5B /* Supporting Files */ = {
			isa = PBXGroup;
			children = (
				817D07971E8A413D00D2AB5B /* main.m */,
			);
			name = "Supporting Files";
			sourceTree = "<group>";
		};
		817D07AF1E8A413D00D2AB5B /* VersionCompareTests */ = {
			isa = PBXGroup;
			children = (
				817D07B01E8A413D00D2AB5B /* VersionCompareTests.m */,
				817D07B21E8A413D00D2AB5B /* Info.plist */,
			);
			path = VersionCompareTests;
			sourceTree = "<group>";
		};
		817D07BA1E8A413D00D2AB5B /* VersionCompareUITests */ = {
			isa = PBXGroup;
			children = (
				817D07BB1E8A413D00D2AB5B /* VersionCompareUITests.m */,
				817D07BD1E8A413D00D2AB5B /* Info.plist */,
			);
			path = VersionCompareUITests;
			sourceTree = "<group>";
		};
/* End PBXGroup section */

/* Begin PBXNativeTarget section */
		817D07921E8A413D00D2AB5B /* VersionCompare */ = {
			isa = PBXNativeTarget;
			buildConfigurationList = 817D07C01E8A413D00D2AB5B /* Build configuration list for PBXNativeTarget "VersionCompare" */;
			buildPhases = (
				817D078F1E8A413D00D2AB5B /* Sources */,
				817D07901E8A413D00D2AB5B /* Frameworks */,
				817D07911E8A413D00D2AB5B /* Resources */,
			);
			buildRules = (
			);
			dependencies = (
			);
			name = VersionCompare;
			productName = VersionCompare;
			productReference = 817D07931E8A413D00D2AB5B /* VersionCompare.app */;
			productType = "com.apple.product-type.application";
		};
		817D07AB1E8A413D00D2AB5B /* VersionCompareTests */ = {
			isa = PBXNativeTarget;
			buildConfigurationList = 817D07C31E8A413D00D2AB5B /* Build configuration list for PBXNativeTarget "VersionCompareTests" */;
			buildPhases = (
				817D07A81E8A413D00D2AB5B /* Sources */,
				817D07A91E8A413D00D2AB5B /* Frameworks */,
				817D07AA1E8A413D00D2AB5B /* Resources */,
			);
			buildRules = (
			);
			dependencies = (
				817D07AE1E8A413D00D2AB5B /* PBXTargetDependency */,
			);
			name = VersionCompareTests;
			productName = VersionCompareTests;
			productReference = 817D07AC1E8A413D00D2AB5B /* VersionCompareTests.xctest */;
			productType = "com.apple.product-type.bundle.unit-test";
		};
		817D07B61E8A413D00D2AB5B /* VersionCompareUITests */ = {
			isa = PBXNativeTarget;
			buildConfigurationList = 817D07C61E8A413D00D2AB5B /* Build configuration list for PBXNativeTarget "VersionCompareUITests" */;
			buildPhases = (
				817D07B31E8A413D00D2AB5B /* Sources */,
				817D07B41E8A413D00D2AB5B /* Frameworks */,
				817D07B51E8A413D00D2AB5B /* Resources */,
			);
			buildRules = (
			);
			dependencies = (
				817D07B91E8A413D00D2AB5B /* PBXTargetDependency */,
			);
			name = VersionCompareUITests;
			productName = VersionCompareUITests;
			productReference = 817D07B71E8A413D00D2AB5B /* VersionCompareUITests.xctest */;
			productType = "com.apple.product-type.bundle.ui-testing";
		};
/* End PBXNativeTarget section */

/* Begin PBXProject section */
		817D078B1E8A413D00D2AB5B /* Project object */ = {
			isa = PBXProject;
			attributes = {
				LastUpgradeCheck = 0820;
				ORGANIZATIONNAME = Young.com;
				TargetAttributes = {
					817D07921E8A413D00D2AB5B = {
						CreatedOnToolsVersion = 8.2.1;
						DevelopmentTeam = K9UVDYE39X;
						ProvisioningStyle = Automatic;
					};
					817D07AB1E8A413D00D2AB5B = {
						CreatedOnToolsVersion = 8.2.1;
						DevelopmentTeam = K9UVDYE39X;
						ProvisioningStyle = Automatic;
						TestTargetID = 817D07921E8A413D00D2AB5B;
					};
					817D07B61E8A413D00D2AB5B = {
						CreatedOnToolsVersion = 8.2.1;
						DevelopmentTeam = K9UVDYE39X;
						ProvisioningStyle = Automatic;
						TestTargetID = 817D07921E8A413D00D2AB5B;
					};
				};
			};
			buildConfigurationList = 817D078E1E8A413D00D2AB5B /* Build configuration list for PBXProject "VersionCompare" */;
			compatibilityVersion = "Xcode 3.2";
			developmentRegion = English;
			hasScannedForEncodings = 0;
			knownRegions = (
				en,
				Base,
			);
			mainGroup = 817D078A1E8A413D00D2AB5B;
			productRefGroup = 817D07941E8A413D00D2AB5B /* Products */;
			projectDirPath = "";
			projectRoot = "";
			targets = (
				817D07921E8A413D00D2AB5B /* VersionCompare */,
				817D07AB1E8A413D00D2AB5B /* VersionCompareTests */,
				817D07B61E8A413D00D2AB5B /* VersionCompareUITests */,
			);
		};
/* End PBXProject section */

/* Begin PBXResourcesBuildPhase section */
		817D07911E8A413D00D2AB5B /* Resources */ = {
			isa = PBXResourcesBuildPhase;
			buildActionMask = 2147483647;
			files = (
				817D07A61E8A413D00D2AB5B /* LaunchScreen.storyboard in Resources */,
				817D07A31E8A413D00D2AB5B /* Assets.xcassets in Resources */,
				817D07A11E8A413D00D2AB5B /* Main.storyboard in Resources */,
			);
			runOnlyForDeploymentPostprocessing = 0;
		};
		817D07AA1E8A413D00D2AB5B /* Resources */ = {
			isa = PBXResourcesBuildPhase;
			buildActionMask = 2147483647;
			files = (
			);
			runOnlyForDeploymentPostprocessing = 0;
		};
		817D07B51E8A413D00D2AB5B /* Resources */ = {
			isa = PBXResourcesBuildPhase;
			buildActionMask = 2147483647;
			files = (
			);
			runOnlyForDeploymentPostprocessing = 0;
		};
/* End PBXResourcesBuildPhase section */

/* Begin PBXSourcesBuildPhase section */
		817D078F1E8A413D00D2AB5B /* Sources */ = {
			isa = PBXSourcesBuildPhase;
			buildActionMask = 2147483647;
			files = (
				817D079E1E8A413D00D2AB5B /* ViewController.m in Sources */,
				817D079B1E8A413D00D2AB5B /* AppDelegate.m in Sources */,
				817D07981E8A413D00D2AB5B /* main.m in Sources */,
			);
			runOnlyForDeploymentPostprocessing = 0;
		};
		817D07A81E8A413D00D2AB5B /* Sources */ = {
			isa = PBXSourcesBuildPhase;
			buildActionMask = 2147483647;
			files = (
				817D07B11E8A413D00D2AB5B /* VersionCompareTests.m in Sources */,
			);
			runOnlyForDeploymentPostprocessing = 0;
		};
		817D07B31E8A413D00D2AB5B /* Sources */ = {
			isa = PBXSourcesBuildPhase;
			buildActionMask = 2147483647;
			files = (
				817D07BC1E8A413D00D2AB5B /* VersionCompareUITests.m in Sources */,
			);
			runOnlyForDeploymentPostprocessing = 0;
		};
/* End PBXSourcesBuildPhase section */

/* Begin PBXTargetDependency section */
		817D07AE1E8A413D00D2AB5B /* PBXTargetDependency */ = {
			isa = PBXTargetDependency;
			target = 817D07921E8A413D00D2AB5B /* VersionCompare */;
			targetProxy = 817D07AD1E8A413D00D2AB5B /* PBXContainerItemProxy */;
		};
		817D07B91E8A413D00D2AB5B /* PBXTargetDependency */ = {
			isa = PBXTargetDependency;
			target = 817D07921E8A413D00D2AB5B /* VersionCompare */;
			targetProxy = 817D07B81E8A413D00D2AB5B /* PBXContainerItemProxy */;
		};
/* End PBXTargetDependency section */

/* Begin PBXVariantGroup section */
		817D079F1E8A413D00D2AB5B /* Main.storyboard */ = {
			isa = PBXVariantGroup;
			children = (
				817D07A01E8A413D00D2AB5B /* Base */,
			);
			name = Main.storyboard;
			sourceTree = "<group>";
		};
		817D07A41E8A413D00D2AB5B /* LaunchScreen.storyboard */ = {
			isa = PBXVariantGroup;
			children = (
				817D07A51E8A413D00D2AB5B /* Base */,
			);
			name = LaunchScreen.storyboard;
			sourceTree = "<group>";
		};
/* End PBXVariantGroup section */

/* Begin XCBuildConfiguration section */
		817D07BE1E8A413D00D2AB5B /* Debug */ = {
			isa = XCBuildConfiguration;
			buildSettings = {
				ALWAYS_SEARCH_USER_PATHS = NO;
				CLANG_ANALYZER_NONNULL = YES;
				CLANG_CXX_LANGUAGE_STANDARD = "gnu++0x";
				CLANG_CXX_LIBRARY = "libc++";
				CLANG_ENABLE_MODULES = YES;
				CLANG_ENABLE_OBJC_ARC = YES;
				CLANG_WARN_BOOL_CONVERSION = YES;
				CLANG_WARN_CONSTANT_CONVERSION = YES;
				CLANG_WARN_DIRECT_OBJC_ISA_USAGE = YES_ERROR;
				CLANG_WARN_DOCUMENTATION_COMMENTS = YES;
				CLANG_WARN_EMPTY_BODY = YES;
				CLANG_WARN_ENUM_CONVERSION = YES;
				CLANG_WARN_INFINITE_RECURSION = YES;
				CLANG_WARN_INT_CONVERSION = YES;
				CLANG_WARN_OBJC_ROOT_CLASS = YES_ERROR;
				CLANG_WARN_SUSPICIOUS_MOVE = YES;
				CLANG_WARN_UNREACHABLE_CODE = YES;
				CLANG_WARN__DUPLICATE_METHOD_MATCH = YES;
				"CODE_SIGN_IDENTITY[sdk=iphoneos*]" = "iPhone Developer";
				COPY_PHASE_STRIP = NO;
				DEBUG_INFORMATION_FORMAT = dwarf;
				ENABLE_STRICT_OBJC_MSGSEND = YES;
				ENABLE_TESTABILITY = YES;
				GCC_C_LANGUAGE_STANDARD = gnu99;
				GCC_DYNAMIC_NO_PIC = NO;
				GCC_NO_COMMON_BLOCKS = YES;
				GCC_OPTIMIZATION_LEVEL = 0;
				GCC_PREPROCESSOR_DEFINITIONS = (
					"DEBUG=1",
					"$(inherited)",
				);
				GCC_WARN_64_TO_32_BIT_CONVERSION = YES;
				GCC_WARN_ABOUT_RETURN_TYPE = YES_ERROR;
				GCC_WARN_UNDECLARED_SELECTOR = YES;
				GCC_WARN_UNINITIALIZED_AUTOS = YES_AGGRESSIVE;
				GCC_WARN_UNUSED_FUNCTION = YES;
				GCC_WARN_UNUSED_VARIABLE = YES;
				IPHONEOS_DEPLOYMENT_TARGET = 10.2;
				MTL_ENABLE_DEBUG_INFO = YES;
				ONLY_ACTIVE_ARCH = YES;
				SDKROOT = iphoneos;
			};
			name = Debug;
		};
		817D07BF1E8A413D00D2AB5B /* Release */ = {
			isa = XCBuildConfiguration;
			buildSettings = {
				ALWAYS_SEARCH_USER_PATHS = NO;
				CLANG_ANALYZER_NONNULL = YES;
				CLANG_CXX_LANGUAGE_STANDARD = "gnu++0x";
				CLANG_CXX_LIBRARY = "libc++";
				CLANG_ENABLE_MODULES = YES;
				CLANG_ENABLE_OBJC_ARC = YES;
				CLANG_WARN_BOOL_CONVERSION = YES;
				CLANG_WARN_CONSTANT_CONVERSION = YES;
				CLANG_WARN_DIRECT_OBJC_ISA_USAGE = YES_ERROR;
				CLANG_WARN_DOCUMENTATION_COMMENTS = YES;
				CLANG_WARN_EMPTY_BODY = YES;
				CLANG_WARN_ENUM_CONVERSION = YES;
				CLANG_WARN_INFINITE_RECURSION = YES;
				CLANG_WARN_INT_CONVERSION = YES;
				CLANG_WARN_OBJC_ROOT_CLASS = YES_ERROR;
				CLANG_WARN_SUSPICIOUS_MOVE = YES;
				CLANG_WARN_UNREACHABLE_CODE = YES;
				CLANG_WARN__DUPLICATE_METHOD_MATCH = YES;
				"CODE_SIGN_IDENTITY[sdk=iphoneos*]" = "iPhone Developer";
				COPY_PHASE_STRIP = NO;
				DEBUG_INFORMATION_FORMAT = "dwarf-with-dsym";
				ENABLE_NS_ASSERTIONS = NO;
				ENABLE_STRICT_OBJC_MSGSEND = YES;
				GCC_C_LANGUAGE_STANDARD = gnu99;
				GCC_NO_COMMON_BLOCKS = YES;
				GCC_WARN_64_TO_32_BIT_CONVERSION = YES;
				GCC_WARN_ABOUT_RETURN_TYPE = YES_ERROR;
				GCC_WARN_UNDECLARED_SELECTOR = YES;
				GCC_WARN_UNINITIALIZED_AUTOS = YES_AGGRESSIVE;
				GCC_WARN_UNUSED_FUNCTION = YES;
				GCC_WARN_UNUSED_VARIABLE = YES;
				IPHONEOS_DEPLOYMENT_TARGET = 10.2;
				MTL_ENABLE_DEBUG_INFO = NO;
				SDKROOT = iphoneos;
				VALIDATE_PRODUCT = YES;
			};
			name = Release;
		};
		817D07C11E8A413D00D2AB5B /* Debug */ = {
			isa = XCBuildConfiguration;
			buildSettings = {
				ASSETCATALOG_COMPILER_APPICON_NAME = AppIcon;
				DEVELOPMENT_TEAM = K9UVDYE39X;
				INFOPLIST_FILE = VersionCompare/Info.plist;
				LD_RUNPATH_SEARCH_PATHS = "$(inherited) @executable_path/Frameworks";
				PRODUCT_BUNDLE_IDENTIFIER = Panda.VersionCompare;
				PRODUCT_NAME = "$(TARGET_NAME)";
			};
			name = Debug;
		};
		817D07C21E8A413D00D2AB5B /* Release */ = {
			isa = XCBuildConfiguration;
			buildSettings = {
				ASSETCATALOG_COMPILER_APPICON_NAME = AppIcon;
				DEVELOPMENT_TEAM = K9UVDYE39X;
				INFOPLIST_FILE = VersionCompare/Info.plist;
				LD_RUNPATH_SEARCH_PATHS = "$(inherited) @executable_path/Frameworks";
				PRODUCT_BUNDLE_IDENTIFIER = Panda.VersionCompare;
				PRODUCT_NAME = "$(TARGET_NAME)";
			};
			name = Release;
		};
		817D07C41E8A413D00D2AB5B /* Debug */ = {
			isa = XCBuildConfiguration;
			buildSettings = {
				BUNDLE_LOADER = "$(TEST_HOST)";
				DEVELOPMENT_TEAM = K9UVDYE39X;
				INFOPLIST_FILE = VersionCompareTests/Info.plist;
				LD_RUNPATH_SEARCH_PATHS = "$(inherited) @executable_path/Frameworks @loader_path/Frameworks";
				PRODUCT_BUNDLE_IDENTIFIER = Panda.VersionCompareTests;
				PRODUCT_NAME = "$(TARGET_NAME)";
				TEST_HOST = "$(BUILT_PRODUCTS_DIR)/VersionCompare.app/VersionCompare";
			};
			name = Debug;
		};
		817D07C51E8A413D00D2AB5B /* Release */ = {
			isa = XCBuildConfiguration;
			buildSettings = {
				BUNDLE_LOADER = "$(TEST_HOST)";
				DEVELOPMENT_TEAM = K9UVDYE39X;
				INFOPLIST_FILE = VersionCompareTests/Info.plist;
				LD_RUNPATH_SEARCH_PATHS = "$(inherited) @executable_path/Frameworks @loader_path/Frameworks";
				PRODUCT_BUNDLE_IDENTIFIER = Panda.VersionCompareTests;
				PRODUCT_NAME = "$(TARGET_NAME)";
				TEST_HOST = "$(BUILT_PRODUCTS_DIR)/VersionCompare.app/VersionCompare";
			};
			name = Release;
		};
		817D07C71E8A413D00D2AB5B /* Debug */ = {
			isa = XCBuildConfiguration;
			buildSettings = {
				DEVELOPMENT_TEAM = K9UVDYE39X;
				INFOPLIST_FILE = VersionCompareUITests/Info.plist;
				LD_RUNPATH_SEARCH_PATHS = "$(inherited) @executable_path/Frameworks @loader_path/Frameworks";
				PRODUCT_BUNDLE_IDENTIFIER = Panda.VersionCompareUITests;
				PRODUCT_NAME = "$(TARGET_NAME)";
				TEST_TARGET_NAME = VersionCompare;
			};
			name = Debug;
		};
		817D07C81E8A413D00D2AB5B /* Release */ = {
			isa = XCBuildConfiguration;
			buildSettings = {
				DEVELOPMENT_TEAM = K9UVDYE39X;
				INFOPLIST_FILE = VersionCompareUITests/Info.plist;
				LD_RUNPATH_SEARCH_PATHS = "$(inherited) @executable_path/Frameworks @loader_path/Frameworks";
				PRODUCT_BUNDLE_IDENTIFIER = Panda.VersionCompareUITests;
				PRODUCT_NAME = "$(TARGET_NAME)";
				TEST_TARGET_NAME = VersionCompare;
			};
			name = Release;
		};
/* End XCBuildConfiguration section */

/* Begin XCConfigurationList section */
		817D078E1E8A413D00D2AB5B /* Build configuration list for PBXProject "VersionCompare" */ = {
			isa = XCConfigurationList;
			buildConfigurations = (
				817D07BE1E8A413D00D2AB5B /* Debug */,
				817D07BF1E8A413D00D2AB5B /* Release */,
			);
			defaultConfigurationIsVisible = 0;
			defaultConfigurationName = Release;
		};
		817D07C01E8A413D00D2AB5B /* Build configuration list for PBXNativeTarget "VersionCompare" */ = {
			isa = XCConfigurationList;
			buildConfigurations = (
				817D07C11E8A413D00D2AB5B /* Debug */,
				817D07C21E8A413D00D2AB5B /* Release */,
			);
			defaultConfigurationIsVisible = 0;
		};
		817D07C31E8A413D00D2AB5B /* Build configuration list for PBXNativeTarget "VersionCompareTests" */ = {
			isa = XCConfigurationList;
			buildConfigurations = (
				817D07C41E8A413D00D2AB5B /* Debug */,
				817D07C51E8A413D00D2AB5B /* Release */,
			);
			defaultConfigurationIsVisible = 0;
		};
		817D07C61E8A413D00D2AB5B /* Build configuration list for PBXNativeTarget "VersionCompareUITests" */ = {
			isa = XCConfigurationList;
			buildConfigurations = (
				817D07C71E8A413D00D2AB5B /* Debug */,
				817D07C81E8A413D00D2AB5B /* Release */,
			);
			defaultConfigurationIsVisible = 0;
		};
/* End XCConfigurationList section */
	};
	rootObject = 817D078B1E8A413D00D2AB5B /* Project object */;
}
